{
  "name": "HostelHub",
  "lockfileVersion": 3,
  "requires": true,
  "packages": {
    "": {
      "dependencies": {
        "@paystack/inline-js": "^2.22.8"
      }
    },
    "node_modules/@paystack/inline-js": {
      "version": "2.22.8",
      "resolved": "https://registry.npmjs.org/@paystack/inline-js/-/inline-js-2.22.8.tgz",
      "integrity": "sha512-NDcVzK8kxEpZYs3YbdJzIVYZL7x1GzjWpqcG7veperQXhma4wkQptTDGqEbOVlNmGD8K3PtW7BKQ7TO4uUG+2w==",
      "license": "ISC",
      "engines": {
        "node": ">= 22.0.0"
      }
    }
  }
}
